
Microsoft Visual Studio Solution File, Format Version 12.00
# Visual Studio Version 16
VisualStudioVersion = 16.0.31025.194
MinimumVisualStudioVersion = 10.0.40219.1
Project("{FAE04EC0-301F-11D3-BF4B-00C04F79EFBC}") = "TrialTours", "TrialTours.csproj", "{FD902697-249E-401E-B53C-27EC4696C0D8}"
EndProject
Global
	GlobalSection(SolutionConfigurationPlatforms) = preSolution
		Debug|Any CPU = Debug|Any CPU
		Release|Any CPU = Release|Any CPU
	EndGlobalSection
	GlobalSection(ProjectConfigurationPlatforms) = postSolution
		{FD902697-249E-401E-B53C-27EC4696C0D8}.Debug|Any CPU.ActiveCfg = Debug|Any CPU
		{FD902697-249E-401E-B53C-27EC4696C0D8}.Debug|Any CPU.Build.0 = Debug|Any CPU
		{FD902697-249E-401E-B53C-27EC4696C0D8}.Release|Any CPU.ActiveCfg = Release|Any CPU
		{FD902697-249E-401E-B53C-27EC4696C0D8}.Release|Any CPU.Build.0 = Release|Any CPU
	EndGlobalSection
	GlobalSection(SolutionProperties) = preSolution
		HideSolutionNode = FALSE
	EndGlobalSection
	GlobalSection(ExtensibilityGlobals) = postSolution
		SolutionGuid = {BE4308E9-C96A-4F31-8F8B-E32192EC9237}
	EndGlobalSection
EndGlobal
